
Microsoft Visual Studio Solution File, Format Version 12.00
# Visual Studio Version 16
VisualStudioVersion = 16.0.30711.63
MinimumVisualStudioVersion = 10.0.40219.1
Project("{8BC9CEB8-8B4A-11D0-8D11-00A0C91BC942}") = "ImageWizard", "ImageWizard\ImageWizard.vcxproj", "{E35FB94C-884A-4FD9-AA88-B8732C59F8AB}"
EndProject
Project("{2150E333-8FDC-42A3-9474-1A3956D46DE8}") = "Solution Items", "Solution Items", "{FE17FA38-F611-4F5B-884C-32FB31D7B83C}"
	ProjectSection(SolutionItems) = preProject
		.editorconfig = .editorconfig
	EndProjectSection
EndProject
Project("{8BC9CEB8-8B4A-11D0-8D11-00A0C91BC942}") = "AlgoManager", "AlgoManager\AlgoManager.vcxproj", "{CBC56D88-0E7B-4BE0-8A2A-2356B9C4CB01}"
EndProject
Project("{8BC9CEB8-8B4A-11D0-8D11-00A0C91BC942}") = "UnitTests", "UnitTests\UnitTests.vcxproj", "{E759AACF-51C6-401C-A9A7-13E67E553C0C}"
EndProject
Global
	GlobalSection(SolutionConfigurationPlatforms) = preSolution
		Debug|x64 = Debug|x64
		Debug|x86 = Debug|x86
		Release|x64 = Release|x64
		Release|x86 = Release|x86
	EndGlobalSection
	GlobalSection(ProjectConfigurationPlatforms) = postSolution
		{E35FB94C-884A-4FD9-AA88-B8732C59F8AB}.Debug|x64.ActiveCfg = Debug|x64
		{E35FB94C-884A-4FD9-AA88-B8732C59F8AB}.Debug|x64.Build.0 = Debug|x64
		{E35FB94C-884A-4FD9-AA88-B8732C59F8AB}.Debug|x86.ActiveCfg = Debug|x64
		{E35FB94C-884A-4FD9-AA88-B8732C59F8AB}.Release|x64.ActiveCfg = Release|x64
		{E35FB94C-884A-4FD9-AA88-B8732C59F8AB}.Release|x64.Build.0 = Release|x64
		{E35FB94C-884A-4FD9-AA88-B8732C59F8AB}.Release|x86.ActiveCfg = Release|x64
		{CBC56D88-0E7B-4BE0-8A2A-2356B9C4CB01}.Debug|x64.ActiveCfg = Debug|x64
		{CBC56D88-0E7B-4BE0-8A2A-2356B9C4CB01}.Debug|x64.Build.0 = Debug|x64
		{CBC56D88-0E7B-4BE0-8A2A-2356B9C4CB01}.Debug|x86.ActiveCfg = Debug|Win32
		{CBC56D88-0E7B-4BE0-8A2A-2356B9C4CB01}.Debug|x86.Build.0 = Debug|Win32
		{CBC56D88-0E7B-4BE0-8A2A-2356B9C4CB01}.Release|x64.ActiveCfg = Release|x64
		{CBC56D88-0E7B-4BE0-8A2A-2356B9C4CB01}.Release|x64.Build.0 = Release|x64
		{CBC56D88-0E7B-4BE0-8A2A-2356B9C4CB01}.Release|x86.ActiveCfg = Release|Win32
		{CBC56D88-0E7B-4BE0-8A2A-2356B9C4CB01}.Release|x86.Build.0 = Release|Win32
		{E759AACF-51C6-401C-A9A7-13E67E553C0C}.Debug|x64.ActiveCfg = Debug|x64
		{E759AACF-51C6-401C-A9A7-13E67E553C0C}.Debug|x64.Build.0 = Debug|x64
		{E759AACF-51C6-401C-A9A7-13E67E553C0C}.Debug|x86.ActiveCfg = Debug|Win32
		{E759AACF-51C6-401C-A9A7-13E67E553C0C}.Debug|x86.Build.0 = Debug|Win32
		{E759AACF-51C6-401C-A9A7-13E67E553C0C}.Release|x64.ActiveCfg = Release|x64
		{E759AACF-51C6-401C-A9A7-13E67E553C0C}.Release|x86.ActiveCfg = Release|Win32
		{E759AACF-51C6-401C-A9A7-13E67E553C0C}.Release|x86.Build.0 = Release|Win32
	EndGlobalSection
	GlobalSection(SolutionProperties) = preSolution
		HideSolutionNode = FALSE
	EndGlobalSection
	GlobalSection(ExtensibilityGlobals) = postSolution
		SolutionGuid = {4C4C5772-9D28-4F96-9628-001F7E51651B}
	EndGlobalSection
EndGlobal
